
Microsoft Visual Studio Solution File, Format Version 12.00
# Visual Studio 14
VisualStudioVersion = 14.0.25123.0
MinimumVisualStudioVersion = 10.0.40219.1
Project("{FAE04EC0-301F-11D3-BF4B-00C04F79EFBC}") = "NaverCafe ArticleWrite", "NaverCafe ArticleWrite\NaverCafe ArticleWrite.csproj", "{F35643EA-63FF-4A96-AB0D-20896B5C0884}"
EndProject
Global
	GlobalSection(SolutionConfigurationPlatforms) = preSolution
		Debug|Any CPU = Debug|Any CPU
		Release|Any CPU = Release|Any CPU
	EndGlobalSection
	GlobalSection(ProjectConfigurationPlatforms) = postSolution
		{F35643EA-63FF-4A96-AB0D-20896B5C0884}.Debug|Any CPU.ActiveCfg = Debug|Any CPU
		{F35643EA-63FF-4A96-AB0D-20896B5C0884}.Debug|Any CPU.Build.0 = Debug|Any CPU
		{F35643EA-63FF-4A96-AB0D-20896B5C0884}.Release|Any CPU.ActiveCfg = Release|Any CPU
		{F35643EA-63FF-4A96-AB0D-20896B5C0884}.Release|Any CPU.Build.0 = Release|Any CPU
	EndGlobalSection
	GlobalSection(SolutionProperties) = preSolution
		HideSolutionNode = FALSE
	EndGlobalSection
EndGlobal
